
Microsoft Visual Studio Solution File, Format Version 12.00
# Visual Studio Version 17
VisualStudioVersion = 17.14.36717.8 d17.14
MinimumVisualStudioVersion = 10.0.40219.1
Project("{FAE04EC0-301F-11D3-BF4B-00C04F79EFBC}") = "Hms.WebApp", "Hms.WebApp.csproj", "{C13F9FB8-A289-495D-9883-FC8330FC066E}"
EndProject
Global
	GlobalSection(SolutionConfigurationPlatforms) = preSolution
		Debug|Any CPU = Debug|Any CPU
		Release|Any CPU = Release|Any CPU
	EndGlobalSection
	GlobalSection(ProjectConfigurationPlatforms) = postSolution
		{C13F9FB8-A289-495D-9883-FC8330FC066E}.Debug|Any CPU.ActiveCfg = Debug|Any CPU
		{C13F9FB8-A289-495D-9883-FC8330FC066E}.Debug|Any CPU.Build.0 = Debug|Any CPU
		{C13F9FB8-A289-495D-9883-FC8330FC066E}.Release|Any CPU.ActiveCfg = Release|Any CPU
		{C13F9FB8-A289-495D-9883-FC8330FC066E}.Release|Any CPU.Build.0 = Release|Any CPU
	EndGlobalSection
	GlobalSection(SolutionProperties) = preSolution
		HideSolutionNode = FALSE
	EndGlobalSection
	GlobalSection(ExtensibilityGlobals) = postSolution
		SolutionGuid = {FFA6495D-E19D-43BF-A580-6E5496812D93}
	EndGlobalSection
EndGlobal
